
Microsoft Visual Studio Solution File, Format Version 12.00
# Visual Studio 15
VisualStudioVersion = 15.0.28010.2026
MinimumVisualStudioVersion = 10.0.40219.1
Project("{FAE04EC0-301F-11D3-BF4B-00C04F79EFBC}") = "RampantRobot", "RampantRobot\RampantRobot.csproj", "{D87F9A2D-F2D2-4F0C-8140-E38588528B67}"
EndProject
Global
	GlobalSection(SolutionConfigurationPlatforms) = preSolution
		Debug|Any CPU = Debug|Any CPU
		Release|Any CPU = Release|Any CPU
	EndGlobalSection
	GlobalSection(ProjectConfigurationPlatforms) = postSolution
		{D87F9A2D-F2D2-4F0C-8140-E38588528B67}.Debug|Any CPU.ActiveCfg = Debug|Any CPU
		{D87F9A2D-F2D2-4F0C-8140-E38588528B67}.Debug|Any CPU.Build.0 = Debug|Any CPU
		{D87F9A2D-F2D2-4F0C-8140-E38588528B67}.Release|Any CPU.ActiveCfg = Release|Any CPU
		{D87F9A2D-F2D2-4F0C-8140-E38588528B67}.Release|Any CPU.Build.0 = Release|Any CPU
	EndGlobalSection
	GlobalSection(SolutionProperties) = preSolution
		HideSolutionNode = FALSE
	EndGlobalSection
	GlobalSection(ExtensibilityGlobals) = postSolution
		SolutionGuid = {2634D132-6DCE-4AFE-9A43-96DB4B98B36C}
	EndGlobalSection
EndGlobal
